
Microsoft Visual Studio Solution File, Format Version 12.00
# Visual Studio 14
VisualStudioVersion = 14.0.24720.0
MinimumVisualStudioVersion = 10.0.40219.1
Project("{FAE04EC0-301F-11D3-BF4B-00C04F79EFBC}") = "CCLForWPF", "CCLForWPF\CCLForWPF.csproj", "{AE24EAB1-A9D4-4F21-A663-4F60522AB68B}"
EndProject
Project("{FAE04EC0-301F-11D3-BF4B-00C04F79EFBC}") = "WPFDemoForCCLForWPF", "WPFDemoForCCLForWPF\WPFDemoForCCLForWPF.csproj", "{8CC91783-204A-4045-B982-81565EE0FE29}"
EndProject
Global
	GlobalSection(SolutionConfigurationPlatforms) = preSolution
		Debug|Any CPU = Debug|Any CPU
		Release|Any CPU = Release|Any CPU
	EndGlobalSection
	GlobalSection(ProjectConfigurationPlatforms) = postSolution
		{AE24EAB1-A9D4-4F21-A663-4F60522AB68B}.Debug|Any CPU.ActiveCfg = Debug|Any CPU
		{AE24EAB1-A9D4-4F21-A663-4F60522AB68B}.Debug|Any CPU.Build.0 = Debug|Any CPU
		{AE24EAB1-A9D4-4F21-A663-4F60522AB68B}.Release|Any CPU.ActiveCfg = Release|Any CPU
		{AE24EAB1-A9D4-4F21-A663-4F60522AB68B}.Release|Any CPU.Build.0 = Release|Any CPU
		{8CC91783-204A-4045-B982-81565EE0FE29}.Debug|Any CPU.ActiveCfg = Debug|Any CPU
		{8CC91783-204A-4045-B982-81565EE0FE29}.Debug|Any CPU.Build.0 = Debug|Any CPU
		{8CC91783-204A-4045-B982-81565EE0FE29}.Release|Any CPU.ActiveCfg = Release|Any CPU
		{8CC91783-204A-4045-B982-81565EE0FE29}.Release|Any CPU.Build.0 = Release|Any CPU
	EndGlobalSection
	GlobalSection(SolutionProperties) = preSolution
		HideSolutionNode = FALSE
	EndGlobalSection
EndGlobal
